<?xml version="1.0" encoding="utf-8"?>
<Project ToolsVersion="16.0" xmlns="http://schemas.microsoft.com/developer/msbuild/2003">
  <ItemGroup>
    <ClCompile Include="C:\Users\Randhir\Documents\SimpleQM\SimpleQM\src\main.cpp">
      <Filter>Source Files</Filter>
    </ClCompile>
  </ItemGroup>
  <ItemGroup>
    <CustomBuild Include="C:\Users\Randhir\Documents\SimpleQM\SimpleQM\CMakeLists.txt" />
  </ItemGroup>
  <ItemGroup>
    <Filter Include="Source Files">
      <UniqueIdentifier>{9A614320-8EF8-33BB-ADE6-636F2BF6FF06}</UniqueIdentifier>
    </Filter>
  </ItemGroup>
</Project>
